// !$*UTF8*$!
{
	archiveVersion = 1;
	classes = {
	};
	objectVersion = 46;
	objects = {

/* Begin PBXBuildFile section */
		423815901A42DCF300E9FE67 /* AppDelegate.swift in Sources */ = {isa = PBXBuildFile; fileRef = 4238158F1A42DCF300E9FE67 /* AppDelegate.swift */; };
		423815921A42DCF300E9FE67 /* ViewController.swift in Sources */ = {isa = PBXBuildFile; fileRef = 423815911A42DCF300E9FE67 /* ViewController.swift */; };
		423815951A42DCF300E9FE67 /* Main.storyboard in Resources */ = {isa = PBXBuildFile; fileRef = 423815931A42DCF300E9FE67 /* Main.storyboard */; };
		423815971A42DCF300E9FE67 /* Images.xcassets in Resources */ = {isa = PBXBuildFile; fileRef = 423815961A42DCF300E9FE67 /* Images.xcassets */; };
		4238159A1A42DCF300E9FE67 /* LaunchScreen.xib in Resources */ = {isa = PBXBuildFile; fileRef = 423815981A42DCF300E9FE67 /* LaunchScreen.xib */; };
		423815A61A42DCF300E9FE67 /* delegateTests.swift in Sources */ = {isa = PBXBuildFile; fileRef = 423815A51A42DCF300E9FE67 /* delegateTests.swift */; };
		423815B01A42DDF200E9FE67 /* categoryVC.swift in Sources */ = {isa = PBXBuildFile; fileRef = 423815AF1A42DDF200E9FE67 /* categoryVC.swift */; };
		423815B21A42DE0B00E9FE67 /* abcVC.swift in Sources */ = {isa = PBXBuildFile; fileRef = 423815B11A42DE0B00E9FE67 /* abcVC.swift */; };
/* End PBXBuildFile section */

/* Begin PBXContainerItemProxy section */
		423815A01A42DCF300E9FE67 /* PBXContainerItemProxy */ = {
			isa = PBXContainerItemProxy;
			containerPortal = 423815821A42DCF300E9FE67 /* Project object */;
			proxyType = 1;
			remoteGlobalIDString = 423815891A42DCF300E9FE67;
			remoteInfo = delegate;
		};
/* End PBXContainerItemProxy section */

/* Begin PBXFileReference section */
		4238158A1A42DCF300E9FE67 /* delegate.app */ = {isa = PBXFileReference; explicitFileType = wrapper.application; includeInIndex = 0; path = delegate.app; sourceTree = BUILT_PRODUCTS_DIR; };
		4238158E1A42DCF300E9FE67 /* Info.plist */ = {isa = PBXFileReference; lastKnownFileType = text.plist.xml; path = Info.plist; sourceTree = "<group>"; };
		4238158F1A42DCF300E9FE67 /* AppDelegate.swift */ = {isa = PBXFileReference; lastKnownFileType = sourcecode.swift; path = AppDelegate.swift; sourceTree = "<group>"; };
		423815911A42DCF300E9FE67 /* ViewController.swift */ = {isa = PBXFileReference; lastKnownFileType = sourcecode.swift; path = ViewController.swift; sourceTree = "<group>"; };
		423815941A42DCF300E9FE67 /* Base */ = {isa = PBXFileReference; lastKnownFileType = file.storyboard; name = Base; path = Base.lproj/Main.storyboard; sourceTree = "<group>"; };
		423815961A42DCF300E9FE67 /* Images.xcassets */ = {isa = PBXFileReference; lastKnownFileType = folder.assetcatalog; path = Images.xcassets; sourceTree = "<group>"; };
		423815991A42DCF300E9FE67 /* Base */ = {isa = PBXFileReference; lastKnownFileType = file.xib; name = Base; path = Base.lproj/LaunchScreen.xib; sourceTree = "<group>"; };
		4238159F1A42DCF300E9FE67 /* delegateTests.xctest */ = {isa = PBXFileReference; explicitFileType = wrapper.cfbundle; includeInIndex = 0; path = delegateTests.xctest; sourceTree = BUILT_PRODUCTS_DIR; };
		423815A41A42DCF300E9FE67 /* Info.plist */ = {isa = PBXFileReference; lastKnownFileType = text.plist.xml; path = Info.plist; sourceTree = "<group>"; };
		423815A51A42DCF300E9FE67 /* delegateTests.swift */ = {isa = PBXFileReference; lastKnownFileType = sourcecode.swift; path = delegateTests.swift; sourceTree = "<group>"; };
		423815AF1A42DDF200E9FE67 /* categoryVC.swift */ = {isa = PBXFileReference; fileEncoding = 4; lastKnownFileType = sourcecode.swift; path = categoryVC.swift; sourceTree = "<group>"; };
		423815B11A42DE0B00E9FE67 /* abcVC.swift */ = {isa = PBXFileReference; fileEncoding = 4; lastKnownFileType = sourcecode.swift; path = abcVC.swift; sourceTree = "<group>"; };
/* End PBXFileReference section */

/* Begin PBXFrameworksBuildPhase section */
		423815871A42DCF300E9FE67 /* Frameworks */ = {
			isa = PBXFrameworksBuildPhase;
			buildActionMask = 2147483647;
			files = (
			);
			runOnlyForDeploymentPostprocessing = 0;
		};
		4238159C1A42DCF300E9FE67 /* Frameworks */ = {
			isa = PBXFrameworksBuildPhase;
			buildActionMask = 2147483647;
			files = (
			);
			runOnlyForDeploymentPostprocessing = 0;
		};
/* End PBXFrameworksBuildPhase section */

/* Begin PBXGroup section */
		423815811A42DCF300E9FE67 = {
			isa = PBXGroup;
			children = (
				4238158C1A42DCF300E9FE67 /* delegate */,
				423815A21A42DCF300E9FE67 /* delegateTests */,
				4238158B1A42DCF300E9FE67 /* Products */,
			);
			sourceTree = "<group>";
		};
		4238158B1A42DCF300E9FE67 /* Products */ = {
			isa = PBXGroup;
			children = (
				4238158A1A42DCF300E9FE67 /* delegate.app */,
				4238159F1A42DCF300E9FE67 /* delegateTests.xctest */,
			);
			name = Products;
			sourceTree = "<group>";
		};
		4238158C1A42DCF300E9FE67 /* delegate */ = {
			isa = PBXGroup;
			children = (
				4238158F1A42DCF300E9FE67 /* AppDelegate.swift */,
				423815911A42DCF300E9FE67 /* ViewController.swift */,
				423815AF1A42DDF200E9FE67 /* categoryVC.swift */,
				423815B11A42DE0B00E9FE67 /* abcVC.swift */,
				423815931A42DCF300E9FE67 /* Main.storyboard */,
				423815961A42DCF300E9FE67 /* Images.xcassets */,
				423815981A42DCF300E9FE67 /* LaunchScreen.xib */,
				4238158D1A42DCF300E9FE67 /* Supporting Files */,
			);
			path = delegate;
			sourceTree = "<group>";
		};
		4238158D1A42DCF300E9FE67 /* Supporting Files */ = {
			isa = PBXGroup;
			children = (
				4238158E1A42DCF300E9FE67 /* Info.plist */,
			);
			name = "Supporting Files";
			sourceTree = "<group>";
		};
		423815A21A42DCF300E9FE67 /* delegateTests */ = {
			isa = PBXGroup;
			children = (
				423815A51A42DCF300E9FE67 /* delegateTests.swift */,
				423815A31A42DCF300E9FE67 /* Supporting Files */,
			);
			path = delegateTests;
			sourceTree = "<group>";
		};
		423815A31A42DCF300E9FE67 /* Supporting Files */ = {
			isa = PBXGroup;
			children = (
				423815A41A42DCF300E9FE67 /* Info.plist */,
			);
			name = "Supporting Files";
			sourceTree = "<group>";
		};
/* End PBXGroup section */

/* Begin PBXNativeTarget section */
		423815891A42DCF300E9FE67 /* delegate */ = {
			isa = PBXNativeTarget;
			buildConfigurationList = 423815A91A42DCF300E9FE67 /* Build configuration list for PBXNativeTarget "delegate" */;
			buildPhases = (
				423815861A42DCF300E9FE67 /* Sources */,
				423815871A42DCF300E9FE67 /* Frameworks */,
				423815881A42DCF300E9FE67 /* Resources */,
			);
			buildRules = (
			);
			dependencies = (
			);
			name = delegate;
			productName = delegate;
			productReference = 4238158A1A42DCF300E9FE67 /* delegate.app */;
			productType = "com.apple.product-type.application";
		};
		4238159E1A42DCF300E9FE67 /* delegateTests */ = {
			isa = PBXNativeTarget;
			buildConfigurationList = 423815AC1A42DCF300E9FE67 /* Build configuration list for PBXNativeTarget "delegateTests" */;
			buildPhases = (
				4238159B1A42DCF300E9FE67 /* Sources */,
				4238159C1A42DCF300E9FE67 /* Frameworks */,
				4238159D1A42DCF300E9FE67 /* Resources */,
			);
			buildRules = (
			);
			dependencies = (
				423815A11A42DCF300E9FE67 /* PBXTargetDependency */,
			);
			name = delegateTests;
			productName = delegateTests;
			productReference = 4238159F1A42DCF300E9FE67 /* delegateTests.xctest */;
			productType = "com.apple.product-type.bundle.unit-test";
		};
/* End PBXNativeTarget section */

/* Begin PBXProject section */
		423815821A42DCF300E9FE67 /* Project object */ = {
			isa = PBXProject;
			attributes = {
				LastUpgradeCheck = 0610;
				ORGANIZATIONNAME = Mohsin;
				TargetAttributes = {
					423815891A42DCF300E9FE67 = {
						CreatedOnToolsVersion = 6.1;
					};
					4238159E1A42DCF300E9FE67 = {
						CreatedOnToolsVersion = 6.1;
						TestTargetID = 423815891A42DCF300E9FE67;
					};
				};
			};
			buildConfigurationList = 423815851A42DCF300E9FE67 /* Build configuration list for PBXProject "delegate" */;
			compatibilityVersion = "Xcode 3.2";
			developmentRegion = English;
			hasScannedForEncodings = 0;
			knownRegions = (
				en,
				Base,
			);
			mainGroup = 423815811A42DCF300E9FE67;
			productRefGroup = 4238158B1A42DCF300E9FE67 /* Products */;
			projectDirPath = "";
			projectRoot = "";
			targets = (
				423815891A42DCF300E9FE67 /* delegate */,
				4238159E1A42DCF300E9FE67 /* delegateTests */,
			);
		};
/* End PBXProject section */

/* Begin PBXResourcesBuildPhase section */
		423815881A42DCF300E9FE67 /* Resources */ = {
			isa = PBXResourcesBuildPhase;
			buildActionMask = 2147483647;
			files = (
				423815951A42DCF300E9FE67 /* Main.storyboard in Resources */,
				4238159A1A42DCF300E9FE67 /* LaunchScreen.xib in Resources */,
				423815971A42DCF300E9FE67 /* Images.xcassets in Resources */,
			);
			runOnlyForDeploymentPostprocessing = 0;
		};
		4238159D1A42DCF300E9FE67 /* Resources */ = {
			isa = PBXResourcesBuildPhase;
			buildActionMask = 2147483647;
			files = (
			);
			runOnlyForDeploymentPostprocessing = 0;
		};
/* End PBXResourcesBuildPhase section */

/* Begin PBXSourcesBuildPhase section */
		423815861A42DCF300E9FE67 /* Sources */ = {
			isa = PBXSourcesBuildPhase;
			buildActionMask = 2147483647;
			files = (
				423815921A42DCF300E9FE67 /* ViewController.swift in Sources */,
				423815B21A42DE0B00E9FE67 /* abcVC.swift in Sources */,
				423815B01A42DDF200E9FE67 /* categoryVC.swift in Sources */,
				423815901A42DCF300E9FE67 /* AppDelegate.swift in Sources */,
			);
			runOnlyForDeploymentPostprocessing = 0;
		};
		4238159B1A42DCF300E9FE67 /* Sources */ = {
			isa = PBXSourcesBuildPhase;
			buildActionMask = 2147483647;
			files = (
				423815A61A42DCF300E9FE67 /* delegateTests.swift in Sources */,
			);
			runOnlyForDeploymentPostprocessing = 0;
		};
/* End PBXSourcesBuildPhase section */

/* Begin PBXTargetDependency section */
		423815A11A42DCF300E9FE67 /* PBXTargetDependency */ = {
			isa = PBXTargetDependency;
			target = 423815891A42DCF300E9FE67 /* delegate */;
			targetProxy = 423815A01A42DCF300E9FE67 /* PBXContainerItemProxy */;
		};
/* End PBXTargetDependency section */

/* Begin PBXVariantGroup section */
		423815931A42DCF300E9FE67 /* Main.storyboard */ = {
			isa = PBXVariantGroup;
			children = (
				423815941A42DCF300E9FE67 /* Base */,
			);
			name = Main.storyboard;
			sourceTree = "<group>";
		};
		423815981A42DCF300E9FE67 /* LaunchScreen.xib */ = {
			isa = PBXVariantGroup;
			children = (
				423815991A42DCF300E9FE67 /* Base */,
			);
			name = LaunchScreen.xib;
			sourceTree = "<group>";
		};
/* End PBXVariantGroup section */

/* Begin XCBuildConfiguration section */
		423815A71A42DCF300E9FE67 /* Debug */ = {
			isa = XCBuildConfiguration;
			buildSettings = {
				ALWAYS_SEARCH_USER_PATHS = NO;
				CLANG_CXX_LANGUAGE_STANDARD = "gnu++0x";
				CLANG_CXX_LIBRARY = "libc++";
				CLANG_ENABLE_MODULES = YES;
				CLANG_ENABLE_OBJC_ARC = YES;
				CLANG_WARN_BOOL_CONVERSION = YES;
				CLANG_WARN_CONSTANT_CONVERSION = YES;
				CLANG_WARN_DIRECT_OBJC_ISA_USAGE = YES_ERROR;
				CLANG_WARN_EMPTY_BODY = YES;
				CLANG_WARN_ENUM_CONVERSION = YES;
				CLANG_WARN_INT_CONVERSION = YES;
				CLANG_WARN_OBJC_ROOT_CLASS = YES_ERROR;
				CLANG_WARN_UNREACHABLE_CODE = YES;
				CLANG_WARN__DUPLICATE_METHOD_MATCH = YES;
				"CODE_SIGN_IDENTITY[sdk=iphoneos*]" = "iPhone Developer";
				COPY_PHASE_STRIP = NO;
				ENABLE_STRICT_OBJC_MSGSEND = YES;
				GCC_C_LANGUAGE_STANDARD = gnu99;
				GCC_DYNAMIC_NO_PIC = NO;
				GCC_OPTIMIZATION_LEVEL = 0;
				GCC_PREPROCESSOR_DEFINITIONS = (
					"DEBUG=1",
					"$(inherited)",
				);
				GCC_SYMBOLS_PRIVATE_EXTERN = NO;
				GCC_WARN_64_TO_32_BIT_CONVERSION = YES;
				GCC_WARN_ABOUT_RETURN_TYPE = YES_ERROR;
				GCC_WARN_UNDECLARED_SELECTOR = YES;
				GCC_WARN_UNINITIALIZED_AUTOS = YES_AGGRESSIVE;
				GCC_WARN_UNUSED_FUNCTION = YES;
				GCC_WARN_UNUSED_VARIABLE = YES;
				IPHONEOS_DEPLOYMENT_TARGET = 8.1;
				MTL_ENABLE_DEBUG_INFO = YES;
				ONLY_ACTIVE_ARCH = YES;
				SDKROOT = iphoneos;
				SWIFT_OPTIMIZATION_LEVEL = "-Onone";
			};
			name = Debug;
		};
		423815A81A42DCF300E9FE67 /* Release */ = {
			isa = XCBuildConfiguration;
			buildSettings = {
				ALWAYS_SEARCH_USER_PATHS = NO;
				CLANG_CXX_LANGUAGE_STANDARD = "gnu++0x";
				CLANG_CXX_LIBRARY = "libc++";
				CLANG_ENABLE_MODULES = YES;
				CLANG_ENABLE_OBJC_ARC = YES;
				CLANG_WARN_BOOL_CONVERSION = YES;
				CLANG_WARN_CONSTANT_CONVERSION = YES;
				CLANG_WARN_DIRECT_OBJC_ISA_USAGE = YES_ERROR;
				CLANG_WARN_EMPTY_BODY = YES;
				CLANG_WARN_ENUM_CONVERSION = YES;
				CLANG_WARN_INT_CONVERSION = YES;
				CLANG_WARN_OBJC_ROOT_CLASS = YES_ERROR;
				CLANG_WARN_UNREACHABLE_CODE = YES;
				CLANG_WARN__DUPLICATE_METHOD_MATCH = YES;
				"CODE_SIGN_IDENTITY[sdk=iphoneos*]" = "iPhone Developer";
				COPY_PHASE_STRIP = YES;
				ENABLE_NS_ASSERTIONS = NO;
				ENABLE_STRICT_OBJC_MSGSEND = YES;
				GCC_C_LANGUAGE_STANDARD = gnu99;
				GCC_WARN_64_TO_32_BIT_CONVERSION = YES;
				GCC_WARN_ABOUT_RETURN_TYPE = YES_ERROR;
				GCC_WARN_UNDECLARED_SELECTOR = YES;
				GCC_WARN_UNINITIALIZED_AUTOS = YES_AGGRESSIVE;
				GCC_WARN_UNUSED_FUNCTION = YES;
				GCC_WARN_UNUSED_VARIABLE = YES;
				IPHONEOS_DEPLOYMENT_TARGET = 8.1;
				MTL_ENABLE_DEBUG_INFO = NO;
				SDKROOT = iphoneos;
				VALIDATE_PRODUCT = YES;
			};
			name = Release;
		};
		423815AA1A42DCF300E9FE67 /* Debug */ = {
			isa = XCBuildConfiguration;
			buildSettings = {
				ASSETCATALOG_COMPILER_APPICON_NAME = AppIcon;
				INFOPLIST_FILE = delegate/Info.plist;
				LD_RUNPATH_SEARCH_PATHS = "$(inherited) @executable_path/Frameworks";
				PRODUCT_NAME = "$(TARGET_NAME)";
			};
			name = Debug;
		};
		423815AB1A42DCF300E9FE67 /* Release */ = {
			isa = XCBuildConfiguration;
			buildSettings = {
				ASSETCATALOG_COMPILER_APPICON_NAME = AppIcon;
				INFOPLIST_FILE = delegate/Info.plist;
				LD_RUNPATH_SEARCH_PATHS = "$(inherited) @executable_path/Frameworks";
				PRODUCT_NAME = "$(TARGET_NAME)";
			};
			name = Release;
		};
		423815AD1A42DCF300E9FE67 /* Debug */ = {
			isa = XCBuildConfiguration;
			buildSettings = {
				BUNDLE_LOADER = "$(TEST_HOST)";
				FRAMEWORK_SEARCH_PATHS = (
					"$(SDKROOT)/Developer/Library/Frameworks",
					"$(inherited)",
				);
				GCC_PREPROCESSOR_DEFINITIONS = (
					"DEBUG=1",
					"$(inherited)",
				);
				INFOPLIST_FILE = delegateTests/Info.plist;
				LD_RUNPATH_SEARCH_PATHS = "$(inherited) @executable_path/Frameworks @loader_path/Frameworks";
				PRODUCT_NAME = "$(TARGET_NAME)";
				TEST_HOST = "$(BUILT_PRODUCTS_DIR)/delegate.app/delegate";
			};
			name = Debug;
		};
		423815AE1A42DCF300E9FE67 /* Release */ = {
			isa = XCBuildConfiguration;
			buildSettings = {
				BUNDLE_LOADER = "$(TEST_HOST)";
				FRAMEWORK_SEARCH_PATHS = (
					"$(SDKROOT)/Developer/Library/Frameworks",
					"$(inherited)",
				);
				INFOPLIST_FILE = delegateTests/Info.plist;
				LD_RUNPATH_SEARCH_PATHS = "$(inherited) @executable_path/Frameworks @loader_path/Frameworks";
				PRODUCT_NAME = "$(TARGET_NAME)";
				TEST_HOST = "$(BUILT_PRODUCTS_DIR)/delegate.app/delegate";
			};
			name = Release;
		};
/* End XCBuildConfiguration section */

/* Begin XCConfigurationList section */
		423815851A42DCF300E9FE67 /* Build configuration list for PBXProject "delegate" */ = {
			isa = XCConfigurationList;
			buildConfigurations = (
				423815A71A42DCF300E9FE67 /* Debug */,
				423815A81A42DCF300E9FE67 /* Release */,
			);
			defaultConfigurationIsVisible = 0;
			defaultConfigurationName = Release;
		};
		423815A91A42DCF300E9FE67 /* Build configuration list for PBXNativeTarget "delegate" */ = {
			isa = XCConfigurationList;
			buildConfigurations = (
				423815AA1A42DCF300E9FE67 /* Debug */,
				423815AB1A42DCF300E9FE67 /* Release */,
			);
			defaultConfigurationIsVisible = 0;
		};
		423815AC1A42DCF300E9FE67 /* Build configuration list for PBXNativeTarget "delegateTests" */ = {
			isa = XCConfigurationList;
			buildConfigurations = (
				423815AD1A42DCF300E9FE67 /* Debug */,
				423815AE1A42DCF300E9FE67 /* Release */,
			);
			defaultConfigurationIsVisible = 0;
		};
/* End XCConfigurationList section */
	};
	rootObject = 423815821A42DCF300E9FE67 /* Project object */;
}
